
Microsoft Visual Studio Solution File, Format Version 11.00
# Visual Studio 2010
Project("{FAE04EC0-301F-11D3-BF4B-00C04F79EFBC}") = "Practica__3", "Practica__3\Practica__3.csproj", "{202CB965-1496-4FBC-961D-FA7DE63A6513}"
EndProject
Global
	GlobalSection(SolutionConfigurationPlatforms) = preSolution
		Debug|x86 = Debug|x86
		Release|x86 = Release|x86
	EndGlobalSection
	GlobalSection(ProjectConfigurationPlatforms) = postSolution
		{202CB965-1496-4FBC-961D-FA7DE63A6513}.Debug|x86.ActiveCfg = Debug|x86
		{202CB965-1496-4FBC-961D-FA7DE63A6513}.Debug|x86.Build.0 = Debug|x86
		{202CB965-1496-4FBC-961D-FA7DE63A6513}.Release|x86.ActiveCfg = Release|x86
		{202CB965-1496-4FBC-961D-FA7DE63A6513}.Release|x86.Build.0 = Release|x86
	EndGlobalSection
	GlobalSection(MonoDevelopProperties) = preSolution
		StartupItem = Practica__3\Practica__3.csproj
	EndGlobalSection
EndGlobal
